
Microsoft Visual Studio Solution File, Format Version 12.00
# Visual Studio Version 17
VisualStudioVersion = 17.11.35118.90
MinimumVisualStudioVersion = 10.0.40219.1
Project("{FAE04EC0-301F-11D3-BF4B-00C04F79EFBC}") = "UnitTesting", "UnitTesting\UnitTesting.csproj", "{57E95476-0794-492F-AB12-D6A52EEEC1C1}"
EndProject
Project("{2150E333-8FDC-42A3-9474-1A3956D46DE8}") = "MVC", "MVC", "{9286BBB2-40E9-40B2-9A17-BC4A86505115}"
EndProject
Project("{FAE04EC0-301F-11D3-BF4B-00C04F79EFBC}") = "MathLibrary", "MathLibrary\MathLibrary.csproj", "{E25CC1E7-5DEA-4CC2-B67E-B5F9811CD49D}"
EndProject
Project("{9A19103F-16F7-4668-BE54-9A1E7A4F7556}") = "MathLibraryTest", "MathLibraryTest\MathLibraryTest.csproj", "{4679B8D1-C678-4ED2-B140-969EA916FB37}"
EndProject
Project("{9A19103F-16F7-4668-BE54-9A1E7A4F7556}") = "MathLibraryTest.Nunit", "MathLibraryTest.Nunit\MathLibraryTest.Nunit.csproj", "{300F299D-49CE-45C0-B5B4-92EE56E2FCB8}"
EndProject
Project("{FAE04EC0-301F-11D3-BF4B-00C04F79EFBC}") = "DAL", "DAL\DAL.csproj", "{50E548C4-F5A5-4549-A57B-13D08E29BF2F}"
EndProject
Project("{FAE04EC0-301F-11D3-BF4B-00C04F79EFBC}") = "Repositories", "Repositories\Repositories.csproj", "{4A389E67-8ACF-47E0-9808-885BF588728C}"
EndProject
Project("{FAE04EC0-301F-11D3-BF4B-00C04F79EFBC}") = "BAL", "BAL\BAL.csproj", "{6D915C4E-1900-4176-9039-D5677849EC6A}"
EndProject
Project("{FAE04EC0-301F-11D3-BF4B-00C04F79EFBC}") = "WebUITest", "WebUITest\WebUITest.csproj", "{900F969A-A964-4476-87CA-BC683154292F}"
EndProject
Project("{FAE04EC0-301F-11D3-BF4B-00C04F79EFBC}") = "Xunit_test", "Xunit_test\Xunit_test.csproj", "{52CCA487-6AC5-431F-8A10-F81705D8E92D}"
EndProject
Global
	GlobalSection(SolutionConfigurationPlatforms) = preSolution
		Debug|Any CPU = Debug|Any CPU
		Release|Any CPU = Release|Any CPU
	EndGlobalSection
	GlobalSection(ProjectConfigurationPlatforms) = postSolution
		{57E95476-0794-492F-AB12-D6A52EEEC1C1}.Debug|Any CPU.ActiveCfg = Debug|Any CPU
		{57E95476-0794-492F-AB12-D6A52EEEC1C1}.Debug|Any CPU.Build.0 = Debug|Any CPU
		{57E95476-0794-492F-AB12-D6A52EEEC1C1}.Release|Any CPU.ActiveCfg = Release|Any CPU
		{57E95476-0794-492F-AB12-D6A52EEEC1C1}.Release|Any CPU.Build.0 = Release|Any CPU
		{E25CC1E7-5DEA-4CC2-B67E-B5F9811CD49D}.Debug|Any CPU.ActiveCfg = Debug|Any CPU
		{E25CC1E7-5DEA-4CC2-B67E-B5F9811CD49D}.Debug|Any CPU.Build.0 = Debug|Any CPU
		{E25CC1E7-5DEA-4CC2-B67E-B5F9811CD49D}.Release|Any CPU.ActiveCfg = Release|Any CPU
		{E25CC1E7-5DEA-4CC2-B67E-B5F9811CD49D}.Release|Any CPU.Build.0 = Release|Any CPU
		{4679B8D1-C678-4ED2-B140-969EA916FB37}.Debug|Any CPU.ActiveCfg = Debug|Any CPU
		{4679B8D1-C678-4ED2-B140-969EA916FB37}.Debug|Any CPU.Build.0 = Debug|Any CPU
		{4679B8D1-C678-4ED2-B140-969EA916FB37}.Release|Any CPU.ActiveCfg = Release|Any CPU
		{4679B8D1-C678-4ED2-B140-969EA916FB37}.Release|Any CPU.Build.0 = Release|Any CPU
		{300F299D-49CE-45C0-B5B4-92EE56E2FCB8}.Debug|Any CPU.ActiveCfg = Debug|Any CPU
		{300F299D-49CE-45C0-B5B4-92EE56E2FCB8}.Debug|Any CPU.Build.0 = Debug|Any CPU
		{300F299D-49CE-45C0-B5B4-92EE56E2FCB8}.Release|Any CPU.ActiveCfg = Release|Any CPU
		{300F299D-49CE-45C0-B5B4-92EE56E2FCB8}.Release|Any CPU.Build.0 = Release|Any CPU
		{50E548C4-F5A5-4549-A57B-13D08E29BF2F}.Debug|Any CPU.ActiveCfg = Debug|Any CPU
		{50E548C4-F5A5-4549-A57B-13D08E29BF2F}.Debug|Any CPU.Build.0 = Debug|Any CPU
		{50E548C4-F5A5-4549-A57B-13D08E29BF2F}.Release|Any CPU.ActiveCfg = Release|Any CPU
		{50E548C4-F5A5-4549-A57B-13D08E29BF2F}.Release|Any CPU.Build.0 = Release|Any CPU
		{4A389E67-8ACF-47E0-9808-885BF588728C}.Debug|Any CPU.ActiveCfg = Debug|Any CPU
		{4A389E67-8ACF-47E0-9808-885BF588728C}.Debug|Any CPU.Build.0 = Debug|Any CPU
		{4A389E67-8ACF-47E0-9808-885BF588728C}.Release|Any CPU.ActiveCfg = Release|Any CPU
		{4A389E67-8ACF-47E0-9808-885BF588728C}.Release|Any CPU.Build.0 = Release|Any CPU
		{6D915C4E-1900-4176-9039-D5677849EC6A}.Debug|Any CPU.ActiveCfg = Debug|Any CPU
		{6D915C4E-1900-4176-9039-D5677849EC6A}.Debug|Any CPU.Build.0 = Debug|Any CPU
		{6D915C4E-1900-4176-9039-D5677849EC6A}.Release|Any CPU.ActiveCfg = Release|Any CPU
		{6D915C4E-1900-4176-9039-D5677849EC6A}.Release|Any CPU.Build.0 = Release|Any CPU
		{900F969A-A964-4476-87CA-BC683154292F}.Debug|Any CPU.ActiveCfg = Debug|Any CPU
		{900F969A-A964-4476-87CA-BC683154292F}.Debug|Any CPU.Build.0 = Debug|Any CPU
		{900F969A-A964-4476-87CA-BC683154292F}.Release|Any CPU.ActiveCfg = Release|Any CPU
		{900F969A-A964-4476-87CA-BC683154292F}.Release|Any CPU.Build.0 = Release|Any CPU
		{52CCA487-6AC5-431F-8A10-F81705D8E92D}.Debug|Any CPU.ActiveCfg = Debug|Any CPU
		{52CCA487-6AC5-431F-8A10-F81705D8E92D}.Debug|Any CPU.Build.0 = Debug|Any CPU
		{52CCA487-6AC5-431F-8A10-F81705D8E92D}.Release|Any CPU.ActiveCfg = Release|Any CPU
		{52CCA487-6AC5-431F-8A10-F81705D8E92D}.Release|Any CPU.Build.0 = Release|Any CPU
	EndGlobalSection
	GlobalSection(SolutionProperties) = preSolution
		HideSolutionNode = FALSE
	EndGlobalSection
	GlobalSection(NestedProjects) = preSolution
		{57E95476-0794-492F-AB12-D6A52EEEC1C1} = {9286BBB2-40E9-40B2-9A17-BC4A86505115}
		{50E548C4-F5A5-4549-A57B-13D08E29BF2F} = {9286BBB2-40E9-40B2-9A17-BC4A86505115}
		{4A389E67-8ACF-47E0-9808-885BF588728C} = {9286BBB2-40E9-40B2-9A17-BC4A86505115}
		{6D915C4E-1900-4176-9039-D5677849EC6A} = {9286BBB2-40E9-40B2-9A17-BC4A86505115}
		{900F969A-A964-4476-87CA-BC683154292F} = {9286BBB2-40E9-40B2-9A17-BC4A86505115}
		{52CCA487-6AC5-431F-8A10-F81705D8E92D} = {9286BBB2-40E9-40B2-9A17-BC4A86505115}
	EndGlobalSection
	GlobalSection(ExtensibilityGlobals) = postSolution
		SolutionGuid = {D29F60F7-449C-4559-B0AE-6B349CDEB888}
	EndGlobalSection
EndGlobal
